
Microsoft Visual Studio Solution File, Format Version 12.00
# Visual Studio Express 2012 for Windows Desktop
Project("{FAE04EC0-301F-11D3-BF4B-00C04F79EFBC}") = "ubb-se-example-csharp-with-vs2012", "ubb-se-example-csharp-with-vs2012\ubb-se-example-csharp-with-vs2012.csproj", "{EC8D601C-72B0-402C-A48D-9BAF4E335283}"
EndProject
Project("{FAE04EC0-301F-11D3-BF4B-00C04F79EFBC}") = "ubb-se-example-csharp-with-vs2012-test", "ubb-se-example-csharp-with-vs2012-test\ubb-se-example-csharp-with-vs2012-test.csproj", "{31D99CD0-DDB3-498F-A748-220CB32EA12C}"
	ProjectSection(ProjectDependencies) = postProject
		{EC8D601C-72B0-402C-A48D-9BAF4E335283} = {EC8D601C-72B0-402C-A48D-9BAF4E335283}
	EndProjectSection
EndProject
Global
	GlobalSection(SolutionConfigurationPlatforms) = preSolution
		Debug|Any CPU = Debug|Any CPU
		Release|Any CPU = Release|Any CPU
	EndGlobalSection
	GlobalSection(ProjectConfigurationPlatforms) = postSolution
		{EC8D601C-72B0-402C-A48D-9BAF4E335283}.Debug|Any CPU.ActiveCfg = Debug|Any CPU
		{EC8D601C-72B0-402C-A48D-9BAF4E335283}.Debug|Any CPU.Build.0 = Debug|Any CPU
		{EC8D601C-72B0-402C-A48D-9BAF4E335283}.Release|Any CPU.ActiveCfg = Release|Any CPU
		{EC8D601C-72B0-402C-A48D-9BAF4E335283}.Release|Any CPU.Build.0 = Release|Any CPU
		{31D99CD0-DDB3-498F-A748-220CB32EA12C}.Debug|Any CPU.ActiveCfg = Debug|Any CPU
		{31D99CD0-DDB3-498F-A748-220CB32EA12C}.Debug|Any CPU.Build.0 = Debug|Any CPU
		{31D99CD0-DDB3-498F-A748-220CB32EA12C}.Release|Any CPU.ActiveCfg = Release|Any CPU
		{31D99CD0-DDB3-498F-A748-220CB32EA12C}.Release|Any CPU.Build.0 = Release|Any CPU
	EndGlobalSection
	GlobalSection(SolutionProperties) = preSolution
		HideSolutionNode = FALSE
	EndGlobalSection
EndGlobal
